
Microsoft Visual Studio Solution File, Format Version 12.00
# Visual Studio Version 16
VisualStudioVersion = 16.0.31205.134
MinimumVisualStudioVersion = 10.0.40219.1
Project("{FAE04EC0-301F-11D3-BF4B-00C04F79EFBC}") = "VigProject_Api", "VigProject_Api\VigProject_Api.csproj", "{B8B46F11-E087-4D38-84D7-7033F457A3DB}"
EndProject
Global
	GlobalSection(SolutionConfigurationPlatforms) = preSolution
		Debug|Any CPU = Debug|Any CPU
		Release|Any CPU = Release|Any CPU
	EndGlobalSection
	GlobalSection(ProjectConfigurationPlatforms) = postSolution
		{B8B46F11-E087-4D38-84D7-7033F457A3DB}.Debug|Any CPU.ActiveCfg = Debug|Any CPU
		{B8B46F11-E087-4D38-84D7-7033F457A3DB}.Debug|Any CPU.Build.0 = Debug|Any CPU
		{B8B46F11-E087-4D38-84D7-7033F457A3DB}.Release|Any CPU.ActiveCfg = Release|Any CPU
		{B8B46F11-E087-4D38-84D7-7033F457A3DB}.Release|Any CPU.Build.0 = Release|Any CPU
	EndGlobalSection
	GlobalSection(SolutionProperties) = preSolution
		HideSolutionNode = FALSE
	EndGlobalSection
	GlobalSection(ExtensibilityGlobals) = postSolution
		SolutionGuid = {BDCE703E-C92D-4628-A712-BE1E67FAE689}
	EndGlobalSection
EndGlobal
